{
	"name": "lit-xml",
	"version": "0.4.5",
	"lockfileVersion": 1,
	"requires": true,
	"dependencies": {
		"fast-xml-parser": {
			"version": "3.21.1",
			"resolved": "https://registry.npmjs.org/fast-xml-parser/-/fast-xml-parser-3.21.1.tgz",
			"integrity": "sha512-FTFVjYoBOZTJekiUsawGsSYV9QL0A+zDYCRj7y34IO6Jg+2IMYEtQa+bbictpdpV8dHxXywqU7C0gRDEOFtBFg==",
			"requires": {
				"strnum": "^1.0.4"
			}
		},
		"strnum": {
			"version": "1.0.4",
			"resolved": "https://registry.npmjs.org/strnum/-/strnum-1.0.4.tgz",
			"integrity": "sha512-lMzNMfDpaQOLt4B2mEbfzYS0+T7dvCXeojnlGf6f1AygvWDMcWyXYaLbyICfjVu29sErR8fnRagQfBW/N/hGgw=="
		}
	}
}
